// !$*UTF8*$!
{
	archiveVersion = 1;
	classes = {
	};
	objectVersion = 56;
	objects = {

/* Begin PBXBuildFile section */
		2622E9942C23672A00602C43 /* InfiniteScrollApp.swift in Sources */ = {isa = PBXBuildFile; fileRef = 2622E9932C23672A00602C43 /* InfiniteScrollApp.swift */; };
		2622E9962C23672A00602C43 /* ContentView.swift in Sources */ = {isa = PBXBuildFile; fileRef = 2622E9952C23672A00602C43 /* ContentView.swift */; };
		2622E9982C23672D00602C43 /* Assets.xcassets in Resources */ = {isa = PBXBuildFile; fileRef = 2622E9972C23672D00602C43 /* Assets.xcassets */; };
		2622E99B2C23672D00602C43 /* Preview Assets.xcassets in Resources */ = {isa = PBXBuildFile; fileRef = 2622E99A2C23672D00602C43 /* Preview Assets.xcassets */; };
		2622E9A52C23672D00602C43 /* InfiniteScrollTests.swift in Sources */ = {isa = PBXBuildFile; fileRef = 2622E9A42C23672D00602C43 /* InfiniteScrollTests.swift */; };
		2622E9AF2C23672D00602C43 /* InfiniteScrollUITests.swift in Sources */ = {isa = PBXBuildFile; fileRef = 2622E9AE2C23672D00602C43 /* InfiniteScrollUITests.swift */; };
		2622E9B12C23672D00602C43 /* InfiniteScrollUITestsLaunchTests.swift in Sources */ = {isa = PBXBuildFile; fileRef = 2622E9B02C23672D00602C43 /* InfiniteScrollUITestsLaunchTests.swift */; };
		2622E9BF2C23680C00602C43 /* ListItem.swift in Sources */ = {isa = PBXBuildFile; fileRef = 2622E9BE2C23680C00602C43 /* ListItem.swift */; };
		2622E9C22C23687B00602C43 /* ListViewModel.swift in Sources */ = {isa = PBXBuildFile; fileRef = 2622E9C12C23687B00602C43 /* ListViewModel.swift */; };
		26BAF1582C236B30001E1F20 /* ListItemView.swift in Sources */ = {isa = PBXBuildFile; fileRef = 26BAF1572C236B30001E1F20 /* ListItemView.swift */; };
		26BAF15A2C236B67001E1F20 /* WebView.swift in Sources */ = {isa = PBXBuildFile; fileRef = 26BAF1592C236B67001E1F20 /* WebView.swift */; };
		26BAF15C2C236E6D001E1F20 /* UIWebView.swift in Sources */ = {isa = PBXBuildFile; fileRef = 26BAF15B2C236E6D001E1F20 /* UIWebView.swift */; };
		26BAF15E2C236FF0001E1F20 /* ListItemTests.swift in Sources */ = {isa = PBXBuildFile; fileRef = 26BAF15D2C236FF0001E1F20 /* ListItemTests.swift */; };
		26BAF1602C23702C001E1F20 /* ListViewModelTests.swift in Sources */ = {isa = PBXBuildFile; fileRef = 26BAF15F2C23702C001E1F20 /* ListViewModelTests.swift */; };
/* End PBXBuildFile section */

/* Begin PBXContainerItemProxy section */
		2622E9A12C23672D00602C43 /* PBXContainerItemProxy */ = {
			isa = PBXContainerItemProxy;
			containerPortal = 2622E9882C23672A00602C43 /* Project object */;
			proxyType = 1;
			remoteGlobalIDString = 2622E98F2C23672A00602C43;
			remoteInfo = InfiniteScroll;
		};
		2622E9AB2C23672D00602C43 /* PBXContainerItemProxy */ = {
			isa = PBXContainerItemProxy;
			containerPortal = 2622E9882C23672A00602C43 /* Project object */;
			proxyType = 1;
			remoteGlobalIDString = 2622E98F2C23672A00602C43;
			remoteInfo = InfiniteScroll;
		};
/* End PBXContainerItemProxy section */

/* Begin PBXFileReference section */
		2622E9902C23672A00602C43 /* InfiniteScroll.app */ = {isa = PBXFileReference; explicitFileType = wrapper.application; includeInIndex = 0; path = InfiniteScroll.app; sourceTree = BUILT_PRODUCTS_DIR; };
		2622E9932C23672A00602C43 /* InfiniteScrollApp.swift */ = {isa = PBXFileReference; lastKnownFileType = sourcecode.swift; path = InfiniteScrollApp.swift; sourceTree = "<group>"; };
		2622E9952C23672A00602C43 /* ContentView.swift */ = {isa = PBXFileReference; lastKnownFileType = sourcecode.swift; path = ContentView.swift; sourceTree = "<group>"; };
		2622E9972C23672D00602C43 /* Assets.xcassets */ = {isa = PBXFileReference; lastKnownFileType = folder.assetcatalog; path = Assets.xcassets; sourceTree = "<group>"; };
		2622E99A2C23672D00602C43 /* Preview Assets.xcassets */ = {isa = PBXFileReference; lastKnownFileType = folder.assetcatalog; path = "Preview Assets.xcassets"; sourceTree = "<group>"; };
		2622E9A02C23672D00602C43 /* InfiniteScrollTests.xctest */ = {isa = PBXFileReference; explicitFileType = wrapper.cfbundle; includeInIndex = 0; path = InfiniteScrollTests.xctest; sourceTree = BUILT_PRODUCTS_DIR; };
		2622E9A42C23672D00602C43 /* InfiniteScrollTests.swift */ = {isa = PBXFileReference; lastKnownFileType = sourcecode.swift; path = InfiniteScrollTests.swift; sourceTree = "<group>"; };
		2622E9AA2C23672D00602C43 /* InfiniteScrollUITests.xctest */ = {isa = PBXFileReference; explicitFileType = wrapper.cfbundle; includeInIndex = 0; path = InfiniteScrollUITests.xctest; sourceTree = BUILT_PRODUCTS_DIR; };
		2622E9AE2C23672D00602C43 /* InfiniteScrollUITests.swift */ = {isa = PBXFileReference; lastKnownFileType = sourcecode.swift; path = InfiniteScrollUITests.swift; sourceTree = "<group>"; };
		2622E9B02C23672D00602C43 /* InfiniteScrollUITestsLaunchTests.swift */ = {isa = PBXFileReference; lastKnownFileType = sourcecode.swift; path = InfiniteScrollUITestsLaunchTests.swift; sourceTree = "<group>"; };
		2622E9BE2C23680C00602C43 /* ListItem.swift */ = {isa = PBXFileReference; lastKnownFileType = sourcecode.swift; path = ListItem.swift; sourceTree = "<group>"; };
		2622E9C12C23687B00602C43 /* ListViewModel.swift */ = {isa = PBXFileReference; lastKnownFileType = sourcecode.swift; path = ListViewModel.swift; sourceTree = "<group>"; };
		26BAF1572C236B30001E1F20 /* ListItemView.swift */ = {isa = PBXFileReference; lastKnownFileType = sourcecode.swift; path = ListItemView.swift; sourceTree = "<group>"; };
		26BAF1592C236B67001E1F20 /* WebView.swift */ = {isa = PBXFileReference; lastKnownFileType = sourcecode.swift; path = WebView.swift; sourceTree = "<group>"; };
		26BAF15B2C236E6D001E1F20 /* UIWebView.swift */ = {isa = PBXFileReference; lastKnownFileType = sourcecode.swift; path = UIWebView.swift; sourceTree = "<group>"; };
		26BAF15D2C236FF0001E1F20 /* ListItemTests.swift */ = {isa = PBXFileReference; lastKnownFileType = sourcecode.swift; path = ListItemTests.swift; sourceTree = "<group>"; };
		26BAF15F2C23702C001E1F20 /* ListViewModelTests.swift */ = {isa = PBXFileReference; lastKnownFileType = sourcecode.swift; path = ListViewModelTests.swift; sourceTree = "<group>"; };
/* End PBXFileReference section */

/* Begin PBXFrameworksBuildPhase section */
		2622E98D2C23672A00602C43 /* Frameworks */ = {
			isa = PBXFrameworksBuildPhase;
			buildActionMask = 2147483647;
			files = (
			);
			runOnlyForDeploymentPostprocessing = 0;
		};
		2622E99D2C23672D00602C43 /* Frameworks */ = {
			isa = PBXFrameworksBuildPhase;
			buildActionMask = 2147483647;
			files = (
			);
			runOnlyForDeploymentPostprocessing = 0;
		};
		2622E9A72C23672D00602C43 /* Frameworks */ = {
			isa = PBXFrameworksBuildPhase;
			buildActionMask = 2147483647;
			files = (
			);
			runOnlyForDeploymentPostprocessing = 0;
		};
/* End PBXFrameworksBuildPhase section */

/* Begin PBXGroup section */
		2622E9872C23672A00602C43 = {
			isa = PBXGroup;
			children = (
				2622E9922C23672A00602C43 /* InfiniteScroll */,
				2622E9A32C23672D00602C43 /* InfiniteScrollTests */,
				2622E9AD2C23672D00602C43 /* InfiniteScrollUITests */,
				2622E9912C23672A00602C43 /* Products */,
			);
			sourceTree = "<group>";
		};
		2622E9912C23672A00602C43 /* Products */ = {
			isa = PBXGroup;
			children = (
				2622E9902C23672A00602C43 /* InfiniteScroll.app */,
				2622E9A02C23672D00602C43 /* InfiniteScrollTests.xctest */,
				2622E9AA2C23672D00602C43 /* InfiniteScrollUITests.xctest */,
			);
			name = Products;
			sourceTree = "<group>";
		};
		2622E9922C23672A00602C43 /* InfiniteScroll */ = {
			isa = PBXGroup;
			children = (
				26BAF1612C237298001E1F20 /* Utility */,
				26BAF1562C236B14001E1F20 /* View */,
				2622E9C02C23685700602C43 /* ViewModel */,
				2622E9BD2C23675C00602C43 /* Model */,
				2622E9932C23672A00602C43 /* InfiniteScrollApp.swift */,
				2622E9952C23672A00602C43 /* ContentView.swift */,
				2622E9972C23672D00602C43 /* Assets.xcassets */,
				2622E9992C23672D00602C43 /* Preview Content */,
			);
			path = InfiniteScroll;
			sourceTree = "<group>";
		};
		2622E9992C23672D00602C43 /* Preview Content */ = {
			isa = PBXGroup;
			children = (
				2622E99A2C23672D00602C43 /* Preview Assets.xcassets */,
			);
			path = "Preview Content";
			sourceTree = "<group>";
		};
		2622E9A32C23672D00602C43 /* InfiniteScrollTests */ = {
			isa = PBXGroup;
			children = (
				2622E9A42C23672D00602C43 /* InfiniteScrollTests.swift */,
				26BAF15D2C236FF0001E1F20 /* ListItemTests.swift */,
				26BAF15F2C23702C001E1F20 /* ListViewModelTests.swift */,
			);
			path = InfiniteScrollTests;
			sourceTree = "<group>";
		};
		2622E9AD2C23672D00602C43 /* InfiniteScrollUITests */ = {
			isa = PBXGroup;
			children = (
				2622E9AE2C23672D00602C43 /* InfiniteScrollUITests.swift */,
				2622E9B02C23672D00602C43 /* InfiniteScrollUITestsLaunchTests.swift */,
			);
			path = InfiniteScrollUITests;
			sourceTree = "<group>";
		};
		2622E9BD2C23675C00602C43 /* Model */ = {
			isa = PBXGroup;
			children = (
				2622E9BE2C23680C00602C43 /* ListItem.swift */,
			);
			path = Model;
			sourceTree = "<group>";
		};
		2622E9C02C23685700602C43 /* ViewModel */ = {
			isa = PBXGroup;
			children = (
				2622E9C12C23687B00602C43 /* ListViewModel.swift */,
			);
			path = ViewModel;
			sourceTree = "<group>";
		};
		26BAF1562C236B14001E1F20 /* View */ = {
			isa = PBXGroup;
			children = (
				26BAF1572C236B30001E1F20 /* ListItemView.swift */,
				26BAF1592C236B67001E1F20 /* WebView.swift */,
				26BAF15B2C236E6D001E1F20 /* UIWebView.swift */,
			);
			path = View;
			sourceTree = "<group>";
		};
		26BAF1612C237298001E1F20 /* Utility */ = {
			isa = PBXGroup;
			children = (
			);
			path = Utility;
			sourceTree = "<group>";
		};
/* End PBXGroup section */

/* Begin PBXNativeTarget section */
		2622E98F2C23672A00602C43 /* InfiniteScroll */ = {
			isa = PBXNativeTarget;
			buildConfigurationList = 2622E9B42C23672D00602C43 /* Build configuration list for PBXNativeTarget "InfiniteScroll" */;
			buildPhases = (
				2622E98C2C23672A00602C43 /* Sources */,
				2622E98D2C23672A00602C43 /* Frameworks */,
				2622E98E2C23672A00602C43 /* Resources */,
			);
			buildRules = (
			);
			dependencies = (
			);
			name = InfiniteScroll;
			productName = InfiniteScroll;
			productReference = 2622E9902C23672A00602C43 /* InfiniteScroll.app */;
			productType = "com.apple.product-type.application";
		};
		2622E99F2C23672D00602C43 /* InfiniteScrollTests */ = {
			isa = PBXNativeTarget;
			buildConfigurationList = 2622E9B72C23672D00602C43 /* Build configuration list for PBXNativeTarget "InfiniteScrollTests" */;
			buildPhases = (
				2622E99C2C23672D00602C43 /* Sources */,
				2622E99D2C23672D00602C43 /* Frameworks */,
				2622E99E2C23672D00602C43 /* Resources */,
			);
			buildRules = (
			);
			dependencies = (
				2622E9A22C23672D00602C43 /* PBXTargetDependency */,
			);
			name = InfiniteScrollTests;
			productName = InfiniteScrollTests;
			productReference = 2622E9A02C23672D00602C43 /* InfiniteScrollTests.xctest */;
			productType = "com.apple.product-type.bundle.unit-test";
		};
		2622E9A92C23672D00602C43 /* InfiniteScrollUITests */ = {
			isa = PBXNativeTarget;
			buildConfigurationList = 2622E9BA2C23672D00602C43 /* Build configuration list for PBXNativeTarget "InfiniteScrollUITests" */;
			buildPhases = (
				2622E9A62C23672D00602C43 /* Sources */,
				2622E9A72C23672D00602C43 /* Frameworks */,
				2622E9A82C23672D00602C43 /* Resources */,
			);
			buildRules = (
			);
			dependencies = (
				2622E9AC2C23672D00602C43 /* PBXTargetDependency */,
			);
			name = InfiniteScrollUITests;
			productName = InfiniteScrollUITests;
			productReference = 2622E9AA2C23672D00602C43 /* InfiniteScrollUITests.xctest */;
			productType = "com.apple.product-type.bundle.ui-testing";
		};
/* End PBXNativeTarget section */

/* Begin PBXProject section */
		2622E9882C23672A00602C43 /* Project object */ = {
			isa = PBXProject;
			attributes = {
				BuildIndependentTargetsInParallel = 1;
				LastSwiftUpdateCheck = 1530;
				LastUpgradeCheck = 1530;
				TargetAttributes = {
					2622E98F2C23672A00602C43 = {
						CreatedOnToolsVersion = 15.3;
					};
					2622E99F2C23672D00602C43 = {
						CreatedOnToolsVersion = 15.3;
						TestTargetID = 2622E98F2C23672A00602C43;
					};
					2622E9A92C23672D00602C43 = {
						CreatedOnToolsVersion = 15.3;
						TestTargetID = 2622E98F2C23672A00602C43;
					};
				};
			};
			buildConfigurationList = 2622E98B2C23672A00602C43 /* Build configuration list for PBXProject "InfiniteScroll" */;
			compatibilityVersion = "Xcode 14.0";
			developmentRegion = en;
			hasScannedForEncodings = 0;
			knownRegions = (
				en,
				Base,
			);
			mainGroup = 2622E9872C23672A00602C43;
			productRefGroup = 2622E9912C23672A00602C43 /* Products */;
			projectDirPath = "";
			projectRoot = "";
			targets = (
				2622E98F2C23672A00602C43 /* InfiniteScroll */,
				2622E99F2C23672D00602C43 /* InfiniteScrollTests */,
				2622E9A92C23672D00602C43 /* InfiniteScrollUITests */,
			);
		};
/* End PBXProject section */

/* Begin PBXResourcesBuildPhase section */
		2622E98E2C23672A00602C43 /* Resources */ = {
			isa = PBXResourcesBuildPhase;
			buildActionMask = 2147483647;
			files = (
				2622E99B2C23672D00602C43 /* Preview Assets.xcassets in Resources */,
				2622E9982C23672D00602C43 /* Assets.xcassets in Resources */,
			);
			runOnlyForDeploymentPostprocessing = 0;
		};
		2622E99E2C23672D00602C43 /* Resources */ = {
			isa = PBXResourcesBuildPhase;
			buildActionMask = 2147483647;
			files = (
			);
			runOnlyForDeploymentPostprocessing = 0;
		};
		2622E9A82C23672D00602C43 /* Resources */ = {
			isa = PBXResourcesBuildPhase;
			buildActionMask = 2147483647;
			files = (
			);
			runOnlyForDeploymentPostprocessing = 0;
		};
/* End PBXResourcesBuildPhase section */

/* Begin PBXSourcesBuildPhase section */
		2622E98C2C23672A00602C43 /* Sources */ = {
			isa = PBXSourcesBuildPhase;
			buildActionMask = 2147483647;
			files = (
				26BAF1582C236B30001E1F20 /* ListItemView.swift in Sources */,
				2622E9BF2C23680C00602C43 /* ListItem.swift in Sources */,
				2622E9962C23672A00602C43 /* ContentView.swift in Sources */,
				26BAF15A2C236B67001E1F20 /* WebView.swift in Sources */,
				2622E9C22C23687B00602C43 /* ListViewModel.swift in Sources */,
				2622E9942C23672A00602C43 /* InfiniteScrollApp.swift in Sources */,
				26BAF15C2C236E6D001E1F20 /* UIWebView.swift in Sources */,
			);
			runOnlyForDeploymentPostprocessing = 0;
		};
		2622E99C2C23672D00602C43 /* Sources */ = {
			isa = PBXSourcesBuildPhase;
			buildActionMask = 2147483647;
			files = (
				26BAF15E2C236FF0001E1F20 /* ListItemTests.swift in Sources */,
				2622E9A52C23672D00602C43 /* InfiniteScrollTests.swift in Sources */,
				26BAF1602C23702C001E1F20 /* ListViewModelTests.swift in Sources */,
			);
			runOnlyForDeploymentPostprocessing = 0;
		};
		2622E9A62C23672D00602C43 /* Sources */ = {
			isa = PBXSourcesBuildPhase;
			buildActionMask = 2147483647;
			files = (
				2622E9AF2C23672D00602C43 /* InfiniteScrollUITests.swift in Sources */,
				2622E9B12C23672D00602C43 /* InfiniteScrollUITestsLaunchTests.swift in Sources */,
			);
			runOnlyForDeploymentPostprocessing = 0;
		};
/* End PBXSourcesBuildPhase section */

/* Begin PBXTargetDependency section */
		2622E9A22C23672D00602C43 /* PBXTargetDependency */ = {
			isa = PBXTargetDependency;
			target = 2622E98F2C23672A00602C43 /* InfiniteScroll */;
			targetProxy = 2622E9A12C23672D00602C43 /* PBXContainerItemProxy */;
		};
		2622E9AC2C23672D00602C43 /* PBXTargetDependency */ = {
			isa = PBXTargetDependency;
			target = 2622E98F2C23672A00602C43 /* InfiniteScroll */;
			targetProxy = 2622E9AB2C23672D00602C43 /* PBXContainerItemProxy */;
		};
/* End PBXTargetDependency section */

/* Begin XCBuildConfiguration section */
		2622E9B22C23672D00602C43 /* Debug */ = {
			isa = XCBuildConfiguration;
			buildSettings = {
				ALWAYS_SEARCH_USER_PATHS = NO;
				ASSETCATALOG_COMPILER_GENERATE_SWIFT_ASSET_SYMBOL_EXTENSIONS = YES;
				CLANG_ANALYZER_NONNULL = YES;
				CLANG_ANALYZER_NUMBER_OBJECT_CONVERSION = YES_AGGRESSIVE;
				CLANG_CXX_LANGUAGE_STANDARD = "gnu++20";
				CLANG_ENABLE_MODULES = YES;
				CLANG_ENABLE_OBJC_ARC = YES;
				CLANG_ENABLE_OBJC_WEAK = YES;
				CLANG_WARN_BLOCK_CAPTURE_AUTORELEASING = YES;
				CLANG_WARN_BOOL_CONVERSION = YES;
				CLANG_WARN_COMMA = YES;
				CLANG_WARN_CONSTANT_CONVERSION = YES;
				CLANG_WARN_DEPRECATED_OBJC_IMPLEMENTATIONS = YES;
				CLANG_WARN_DIRECT_OBJC_ISA_USAGE = YES_ERROR;
				CLANG_WARN_DOCUMENTATION_COMMENTS = YES;
				CLANG_WARN_EMPTY_BODY = YES;
				CLANG_WARN_ENUM_CONVERSION = YES;
				CLANG_WARN_INFINITE_RECURSION = YES;
				CLANG_WARN_INT_CONVERSION = YES;
				CLANG_WARN_NON_LITERAL_NULL_CONVERSION = YES;
				CLANG_WARN_OBJC_IMPLICIT_RETAIN_SELF = YES;
				CLANG_WARN_OBJC_LITERAL_CONVERSION = YES;
				CLANG_WARN_OBJC_ROOT_CLASS = YES_ERROR;
				CLANG_WARN_QUOTED_INCLUDE_IN_FRAMEWORK_HEADER = YES;
				CLANG_WARN_RANGE_LOOP_ANALYSIS = YES;
				CLANG_WARN_STRICT_PROTOTYPES = YES;
				CLANG_WARN_SUSPICIOUS_MOVE = YES;
				CLANG_WARN_UNGUARDED_AVAILABILITY = YES_AGGRESSIVE;
				CLANG_WARN_UNREACHABLE_CODE = YES;
				CLANG_WARN__DUPLICATE_METHOD_MATCH = YES;
				COPY_PHASE_STRIP = NO;
				DEBUG_INFORMATION_FORMAT = dwarf;
				ENABLE_STRICT_OBJC_MSGSEND = YES;
				ENABLE_TESTABILITY = YES;
				ENABLE_USER_SCRIPT_SANDBOXING = YES;
				GCC_C_LANGUAGE_STANDARD = gnu17;
				GCC_DYNAMIC_NO_PIC = NO;
				GCC_NO_COMMON_BLOCKS = YES;
				GCC_OPTIMIZATION_LEVEL = 0;
				GCC_PREPROCESSOR_DEFINITIONS = (
					"DEBUG=1",
					"$(inherited)",
				);
				GCC_WARN_64_TO_32_BIT_CONVERSION = YES;
				GCC_WARN_ABOUT_RETURN_TYPE = YES_ERROR;
				GCC_WARN_UNDECLARED_SELECTOR = YES;
				GCC_WARN_UNINITIALIZED_AUTOS = YES_AGGRESSIVE;
				GCC_WARN_UNUSED_FUNCTION = YES;
				GCC_WARN_UNUSED_VARIABLE = YES;
				IPHONEOS_DEPLOYMENT_TARGET = 17.4;
				LOCALIZATION_PREFERS_STRING_CATALOGS = YES;
				MTL_ENABLE_DEBUG_INFO = INCLUDE_SOURCE;
				MTL_FAST_MATH = YES;
				ONLY_ACTIVE_ARCH = YES;
				SDKROOT = iphoneos;
				SWIFT_ACTIVE_COMPILATION_CONDITIONS = "DEBUG $(inherited)";
				SWIFT_OPTIMIZATION_LEVEL = "-Onone";
			};
			name = Debug;
		};
		2622E9B32C23672D00602C43 /* Release */ = {
			isa = XCBuildConfiguration;
			buildSettings = {
				ALWAYS_SEARCH_USER_PATHS = NO;
				ASSETCATALOG_COMPILER_GENERATE_SWIFT_ASSET_SYMBOL_EXTENSIONS = YES;
				CLANG_ANALYZER_NONNULL = YES;
				CLANG_ANALYZER_NUMBER_OBJECT_CONVERSION = YES_AGGRESSIVE;
				CLANG_CXX_LANGUAGE_STANDARD = "gnu++20";
				CLANG_ENABLE_MODULES = YES;
				CLANG_ENABLE_OBJC_ARC = YES;
				CLANG_ENABLE_OBJC_WEAK = YES;
				CLANG_WARN_BLOCK_CAPTURE_AUTORELEASING = YES;
				CLANG_WARN_BOOL_CONVERSION = YES;
				CLANG_WARN_COMMA = YES;
				CLANG_WARN_CONSTANT_CONVERSION = YES;
				CLANG_WARN_DEPRECATED_OBJC_IMPLEMENTATIONS = YES;
				CLANG_WARN_DIRECT_OBJC_ISA_USAGE = YES_ERROR;
				CLANG_WARN_DOCUMENTATION_COMMENTS = YES;
				CLANG_WARN_EMPTY_BODY = YES;
				CLANG_WARN_ENUM_CONVERSION = YES;
				CLANG_WARN_INFINITE_RECURSION = YES;
				CLANG_WARN_INT_CONVERSION = YES;
				CLANG_WARN_NON_LITERAL_NULL_CONVERSION = YES;
				CLANG_WARN_OBJC_IMPLICIT_RETAIN_SELF = YES;
				CLANG_WARN_OBJC_LITERAL_CONVERSION = YES;
				CLANG_WARN_OBJC_ROOT_CLASS = YES_ERROR;
				CLANG_WARN_QUOTED_INCLUDE_IN_FRAMEWORK_HEADER = YES;
				CLANG_WARN_RANGE_LOOP_ANALYSIS = YES;
				CLANG_WARN_STRICT_PROTOTYPES = YES;
				CLANG_WARN_SUSPICIOUS_MOVE = YES;
				CLANG_WARN_UNGUARDED_AVAILABILITY = YES_AGGRESSIVE;
				CLANG_WARN_UNREACHABLE_CODE = YES;
				CLANG_WARN__DUPLICATE_METHOD_MATCH = YES;
				COPY_PHASE_STRIP = NO;
				DEBUG_INFORMATION_FORMAT = "dwarf-with-dsym";
				ENABLE_NS_ASSERTIONS = NO;
				ENABLE_STRICT_OBJC_MSGSEND = YES;
				ENABLE_USER_SCRIPT_SANDBOXING = YES;
				GCC_C_LANGUAGE_STANDARD = gnu17;
				GCC_NO_COMMON_BLOCKS = YES;
				GCC_WARN_64_TO_32_BIT_CONVERSION = YES;
				GCC_WARN_ABOUT_RETURN_TYPE = YES_ERROR;
				GCC_WARN_UNDECLARED_SELECTOR = YES;
				GCC_WARN_UNINITIALIZED_AUTOS = YES_AGGRESSIVE;
				GCC_WARN_UNUSED_FUNCTION = YES;
				GCC_WARN_UNUSED_VARIABLE = YES;
				IPHONEOS_DEPLOYMENT_TARGET = 17.4;
				LOCALIZATION_PREFERS_STRING_CATALOGS = YES;
				MTL_ENABLE_DEBUG_INFO = NO;
				MTL_FAST_MATH = YES;
				SDKROOT = iphoneos;
				SWIFT_COMPILATION_MODE = wholemodule;
				VALIDATE_PRODUCT = YES;
			};
			name = Release;
		};
		2622E9B52C23672D00602C43 /* Debug */ = {
			isa = XCBuildConfiguration;
			buildSettings = {
				ASSETCATALOG_COMPILER_APPICON_NAME = AppIcon;
				ASSETCATALOG_COMPILER_GLOBAL_ACCENT_COLOR_NAME = AccentColor;
				CODE_SIGN_STYLE = Automatic;
				CURRENT_PROJECT_VERSION = 1;
				DEVELOPMENT_ASSET_PATHS = "\"InfiniteScroll/Preview Content\"";
				DEVELOPMENT_TEAM = P235TPVD73;
				ENABLE_PREVIEWS = YES;
				GENERATE_INFOPLIST_FILE = YES;
				INFOPLIST_KEY_UIApplicationSceneManifest_Generation = YES;
				INFOPLIST_KEY_UIApplicationSupportsIndirectInputEvents = YES;
				INFOPLIST_KEY_UILaunchScreen_Generation = YES;
				INFOPLIST_KEY_UISupportedInterfaceOrientations_iPad = "UIInterfaceOrientationPortrait UIInterfaceOrientationPortraitUpsideDown UIInterfaceOrientationLandscapeLeft UIInterfaceOrientationLandscapeRight";
				INFOPLIST_KEY_UISupportedInterfaceOrientations_iPhone = "UIInterfaceOrientationPortrait UIInterfaceOrientationLandscapeLeft UIInterfaceOrientationLandscapeRight";
				LD_RUNPATH_SEARCH_PATHS = (
					"$(inherited)",
					"@executable_path/Frameworks",
				);
				MARKETING_VERSION = 1.0;
				PRODUCT_BUNDLE_IDENTIFIER = "engineering-interview.InfiniteScroll";
				PRODUCT_NAME = "$(TARGET_NAME)";
				SWIFT_EMIT_LOC_STRINGS = YES;
				SWIFT_VERSION = 5.0;
				TARGETED_DEVICE_FAMILY = "1,2";
			};
			name = Debug;
		};
		2622E9B62C23672D00602C43 /* Release */ = {
			isa = XCBuildConfiguration;
			buildSettings = {
				ASSETCATALOG_COMPILER_APPICON_NAME = AppIcon;
				ASSETCATALOG_COMPILER_GLOBAL_ACCENT_COLOR_NAME = AccentColor;
				CODE_SIGN_STYLE = Automatic;
				CURRENT_PROJECT_VERSION = 1;
				DEVELOPMENT_ASSET_PATHS = "\"InfiniteScroll/Preview Content\"";
				DEVELOPMENT_TEAM = P235TPVD73;
				ENABLE_PREVIEWS = YES;
				GENERATE_INFOPLIST_FILE = YES;
				INFOPLIST_KEY_UIApplicationSceneManifest_Generation = YES;
				INFOPLIST_KEY_UIApplicationSupportsIndirectInputEvents = YES;
				INFOPLIST_KEY_UILaunchScreen_Generation = YES;
				INFOPLIST_KEY_UISupportedInterfaceOrientations_iPad = "UIInterfaceOrientationPortrait UIInterfaceOrientationPortraitUpsideDown UIInterfaceOrientationLandscapeLeft UIInterfaceOrientationLandscapeRight";
				INFOPLIST_KEY_UISupportedInterfaceOrientations_iPhone = "UIInterfaceOrientationPortrait UIInterfaceOrientationLandscapeLeft UIInterfaceOrientationLandscapeRight";
				LD_RUNPATH_SEARCH_PATHS = (
					"$(inherited)",
					"@executable_path/Frameworks",
				);
				MARKETING_VERSION = 1.0;
				PRODUCT_BUNDLE_IDENTIFIER = "engineering-interview.InfiniteScroll";
				PRODUCT_NAME = "$(TARGET_NAME)";
				SWIFT_EMIT_LOC_STRINGS = YES;
				SWIFT_VERSION = 5.0;
				TARGETED_DEVICE_FAMILY = "1,2";
			};
			name = Release;
		};
		2622E9B82C23672D00602C43 /* Debug */ = {
			isa = XCBuildConfiguration;
			buildSettings = {
				ALWAYS_EMBED_SWIFT_STANDARD_LIBRARIES = YES;
				BUNDLE_LOADER = "$(TEST_HOST)";
				CODE_SIGN_STYLE = Automatic;
				CURRENT_PROJECT_VERSION = 1;
				DEVELOPMENT_TEAM = P235TPVD73;
				GENERATE_INFOPLIST_FILE = YES;
				IPHONEOS_DEPLOYMENT_TARGET = 16.0;
				MARKETING_VERSION = 1.0;
				PRODUCT_BUNDLE_IDENTIFIER = "engineering-interview.InfiniteScrollTests";
				PRODUCT_NAME = "$(TARGET_NAME)";
				SWIFT_EMIT_LOC_STRINGS = NO;
				SWIFT_VERSION = 5.0;
				TARGETED_DEVICE_FAMILY = "1,2";
				TEST_HOST = "$(BUILT_PRODUCTS_DIR)/InfiniteScroll.app/$(BUNDLE_EXECUTABLE_FOLDER_PATH)/InfiniteScroll";
			};
			name = Debug;
		};
		2622E9B92C23672D00602C43 /* Release */ = {
			isa = XCBuildConfiguration;
			buildSettings = {
				ALWAYS_EMBED_SWIFT_STANDARD_LIBRARIES = YES;
				BUNDLE_LOADER = "$(TEST_HOST)";
				CODE_SIGN_STYLE = Automatic;
				CURRENT_PROJECT_VERSION = 1;
				DEVELOPMENT_TEAM = P235TPVD73;
				GENERATE_INFOPLIST_FILE = YES;
				IPHONEOS_DEPLOYMENT_TARGET = 16.0;
				MARKETING_VERSION = 1.0;
				PRODUCT_BUNDLE_IDENTIFIER = "engineering-interview.InfiniteScrollTests";
				PRODUCT_NAME = "$(TARGET_NAME)";
				SWIFT_EMIT_LOC_STRINGS = NO;
				SWIFT_VERSION = 5.0;
				TARGETED_DEVICE_FAMILY = "1,2";
				TEST_HOST = "$(BUILT_PRODUCTS_DIR)/InfiniteScroll.app/$(BUNDLE_EXECUTABLE_FOLDER_PATH)/InfiniteScroll";
			};
			name = Release;
		};
		2622E9BB2C23672D00602C43 /* Debug */ = {
			isa = XCBuildConfiguration;
			buildSettings = {
				ALWAYS_EMBED_SWIFT_STANDARD_LIBRARIES = YES;
				CODE_SIGN_STYLE = Automatic;
				CURRENT_PROJECT_VERSION = 1;
				DEVELOPMENT_TEAM = P235TPVD73;
				GENERATE_INFOPLIST_FILE = YES;
				MARKETING_VERSION = 1.0;
				PRODUCT_BUNDLE_IDENTIFIER = "engineering-interview.InfiniteScrollUITests";
				PRODUCT_NAME = "$(TARGET_NAME)";
				SWIFT_EMIT_LOC_STRINGS = NO;
				SWIFT_VERSION = 5.0;
				TARGETED_DEVICE_FAMILY = "1,2";
				TEST_TARGET_NAME = InfiniteScroll;
			};
			name = Debug;
		};
		2622E9BC2C23672D00602C43 /* Release */ = {
			isa = XCBuildConfiguration;
			buildSettings = {
				ALWAYS_EMBED_SWIFT_STANDARD_LIBRARIES = YES;
				CODE_SIGN_STYLE = Automatic;
				CURRENT_PROJECT_VERSION = 1;
				DEVELOPMENT_TEAM = P235TPVD73;
				GENERATE_INFOPLIST_FILE = YES;
				MARKETING_VERSION = 1.0;
				PRODUCT_BUNDLE_IDENTIFIER = "engineering-interview.InfiniteScrollUITests";
				PRODUCT_NAME = "$(TARGET_NAME)";
				SWIFT_EMIT_LOC_STRINGS = NO;
				SWIFT_VERSION = 5.0;
				TARGETED_DEVICE_FAMILY = "1,2";
				TEST_TARGET_NAME = InfiniteScroll;
			};
			name = Release;
		};
/* End XCBuildConfiguration section */

/* Begin XCConfigurationList section */
		2622E98B2C23672A00602C43 /* Build configuration list for PBXProject "InfiniteScroll" */ = {
			isa = XCConfigurationList;
			buildConfigurations = (
				2622E9B22C23672D00602C43 /* Debug */,
				2622E9B32C23672D00602C43 /* Release */,
			);
			defaultConfigurationIsVisible = 0;
			defaultConfigurationName = Release;
		};
		2622E9B42C23672D00602C43 /* Build configuration list for PBXNativeTarget "InfiniteScroll" */ = {
			isa = XCConfigurationList;
			buildConfigurations = (
				2622E9B52C23672D00602C43 /* Debug */,
				2622E9B62C23672D00602C43 /* Release */,
			);
			defaultConfigurationIsVisible = 0;
			defaultConfigurationName = Release;
		};
		2622E9B72C23672D00602C43 /* Build configuration list for PBXNativeTarget "InfiniteScrollTests" */ = {
			isa = XCConfigurationList;
			buildConfigurations = (
				2622E9B82C23672D00602C43 /* Debug */,
				2622E9B92C23672D00602C43 /* Release */,
			);
			defaultConfigurationIsVisible = 0;
			defaultConfigurationName = Release;
		};
		2622E9BA2C23672D00602C43 /* Build configuration list for PBXNativeTarget "InfiniteScrollUITests" */ = {
			isa = XCConfigurationList;
			buildConfigurations = (
				2622E9BB2C23672D00602C43 /* Debug */,
				2622E9BC2C23672D00602C43 /* Release */,
			);
			defaultConfigurationIsVisible = 0;
			defaultConfigurationName = Release;
		};
/* End XCConfigurationList section */
	};
	rootObject = 2622E9882C23672A00602C43 /* Project object */;
}
